
Microsoft Visual Studio Solution File, Format Version 12.00
# Visual Studio Version 16
VisualStudioVersion = 16.0.30804.86
MinimumVisualStudioVersion = 10.0.40219.1
Project("{FAE04EC0-301F-11D3-BF4B-00C04F79EFBC}") = "ASP.NETCoreMVC2", "ASP.NETCoreMVC2\ASP.NETCoreMVC2.csproj", "{6FBDA8AD-CF39-45CA-AAA3-0A2F3398196F}"
EndProject
Global
	GlobalSection(SolutionConfigurationPlatforms) = preSolution
		Debug|Any CPU = Debug|Any CPU
		Release|Any CPU = Release|Any CPU
	EndGlobalSection
	GlobalSection(ProjectConfigurationPlatforms) = postSolution
		{6FBDA8AD-CF39-45CA-AAA3-0A2F3398196F}.Debug|Any CPU.ActiveCfg = Debug|Any CPU
		{6FBDA8AD-CF39-45CA-AAA3-0A2F3398196F}.Debug|Any CPU.Build.0 = Debug|Any CPU
		{6FBDA8AD-CF39-45CA-AAA3-0A2F3398196F}.Release|Any CPU.ActiveCfg = Release|Any CPU
		{6FBDA8AD-CF39-45CA-AAA3-0A2F3398196F}.Release|Any CPU.Build.0 = Release|Any CPU
	EndGlobalSection
	GlobalSection(SolutionProperties) = preSolution
		HideSolutionNode = FALSE
	EndGlobalSection
	GlobalSection(ExtensibilityGlobals) = postSolution
		SolutionGuid = {7AFDB3FD-65E1-46B8-B457-02EB0F8A300E}
	EndGlobalSection
EndGlobal
